{
  "name": "IS216-Project",
  "lockfileVersion": 2,
  "requires": true,
  "packages": {
    "": {
      "dependencies": {
        "jw-paginate": "^1.0.4",
        "jw-vue-pagination": "^1.0.3"
      }
    },
    "node_modules/jw-paginate": {
      "version": "1.0.4",
      "resolved": "https://registry.npmjs.org/jw-paginate/-/jw-paginate-1.0.4.tgz",
      "integrity": "sha512-W0bv782exgCoynUL/egbRpaYwf/r6T6e02H870H5u3hfSgEYrxgz5POwmFF5aApS6iPi6yhZ0VF8IbafNFsntA=="
    },
    "node_modules/jw-vue-pagination": {
      "version": "1.0.3",
      "resolved": "https://registry.npmjs.org/jw-vue-pagination/-/jw-vue-pagination-1.0.3.tgz",
      "integrity": "sha512-85BV/5maL87mykKH8GBGRsi23p7yVsA4Y8dakCMQNbt/7wOJEqDtOySq5xm1xaudVO4UOp+0lbzUiTrHvXfr+A==",
      "dependencies": {
        "jw-paginate": "^1.0.4"
      }
    }
  },
  "dependencies": {
    "jw-paginate": {
      "version": "1.0.4",
      "resolved": "https://registry.npmjs.org/jw-paginate/-/jw-paginate-1.0.4.tgz",
      "integrity": "sha512-W0bv782exgCoynUL/egbRpaYwf/r6T6e02H870H5u3hfSgEYrxgz5POwmFF5aApS6iPi6yhZ0VF8IbafNFsntA=="
    },
    "jw-vue-pagination": {
      "version": "1.0.3",
      "resolved": "https://registry.npmjs.org/jw-vue-pagination/-/jw-vue-pagination-1.0.3.tgz",
      "integrity": "sha512-85BV/5maL87mykKH8GBGRsi23p7yVsA4Y8dakCMQNbt/7wOJEqDtOySq5xm1xaudVO4UOp+0lbzUiTrHvXfr+A==",
      "requires": {
        "jw-paginate": "^1.0.4"
      }
    }
  }
}
